{
  "name": "frontend-handbook",
  "version": "1.0.0",
  "lockfileVersion": 1,
  "requires": true,
  "dependencies": {
    "vue-yandex-metrika": {
      "version": "1.7.2",
      "resolved": "https://registry.npmjs.org/vue-yandex-metrika/-/vue-yandex-metrika-1.7.2.tgz",
      "integrity": "sha512-dOv0E7HEQ3kj8f0zK2Bqph1IpacFXXmHFN+021RibS6xtw4xlEFx6QMFOCjtVIyGa+fJKqc1XMymZSC1cn7t2Q=="
    }
  }
}
